
Microsoft Visual Studio Solution File, Format Version 12.00
# Visual Studio Version 17
VisualStudioVersion = 17.8.34322.80
MinimumVisualStudioVersion = 10.0.40219.1
Project("{FAE04EC0-301F-11D3-BF4B-00C04F79EFBC}") = "BinaryTree", "BinaryTree.csproj", "{7F40FA17-99FF-4BC4-AF62-7B1A2070B375}"
EndProject
Global
	GlobalSection(SolutionConfigurationPlatforms) = preSolution
		Debug|Any CPU = Debug|Any CPU
		Release|Any CPU = Release|Any CPU
	EndGlobalSection
	GlobalSection(ProjectConfigurationPlatforms) = postSolution
		{7F40FA17-99FF-4BC4-AF62-7B1A2070B375}.Debug|Any CPU.ActiveCfg = Debug|Any CPU
		{7F40FA17-99FF-4BC4-AF62-7B1A2070B375}.Debug|Any CPU.Build.0 = Debug|Any CPU
		{7F40FA17-99FF-4BC4-AF62-7B1A2070B375}.Release|Any CPU.ActiveCfg = Release|Any CPU
		{7F40FA17-99FF-4BC4-AF62-7B1A2070B375}.Release|Any CPU.Build.0 = Release|Any CPU
	EndGlobalSection
	GlobalSection(SolutionProperties) = preSolution
		HideSolutionNode = FALSE
	EndGlobalSection
	GlobalSection(ExtensibilityGlobals) = postSolution
		SolutionGuid = {47CD2F3D-7659-4FFD-9E08-DAB890E5CE50}
	EndGlobalSection
EndGlobal
